
Microsoft Visual Studio Solution File, Format Version 12.00
# Visual Studio Version 16
VisualStudioVersion = 16.0.29926.136
MinimumVisualStudioVersion = 10.0.40219.1
Project("{9A19103F-16F7-4668-BE54-9A1E7A4F7556}") = "ManyMethods", "ManyMethods.csproj", "{2967C80E-256A-46F3-A3E2-F73CAA58A04D}"
EndProject
Project("{FAE04EC0-301F-11D3-BF4B-00C04F79EFBC}") = "PigLatin", "..\PigLatin\PigLatin.csproj", "{9B189CB1-5AE8-4898-B145-D06CCE51288E}"
EndProject
Project("{9A19103F-16F7-4668-BE54-9A1E7A4F7556}") = "RockPaperScissors", "..\RockPaperScissors\RockPaperScissors.csproj", "{388FF16D-DE67-45A1-8A60-2A3B12DEC378}"
EndProject
Project("{9A19103F-16F7-4668-BE54-9A1E7A4F7556}") = "MasterMind", "..\MasterMind\MasterMind.csproj", "{CDBAF8B0-3B67-45DC-B884-F66D304F583F}"
EndProject
Project("{9A19103F-16F7-4668-BE54-9A1E7A4F7556}") = "TowerOfHanoi", "..\TowerOfHanoi\TowerOfHanoi.csproj", "{2698C16C-7695-4EFD-BEDD-674C491A6BD7}"
EndProject
Project("{9A19103F-16F7-4668-BE54-9A1E7A4F7556}") = "SuperHeroes", "..\SuperHeroes\SuperHeroes.csproj", "{4A207F4E-6269-459A-9C29-E319CE99B65E}"
EndProject
Project("{9A19103F-16F7-4668-BE54-9A1E7A4F7556}") = "CarLot", "..\CarLot\CarLot.csproj", "{9F81CA71-F1DC-42C0-A954-CF6FF899F2D1}"
EndProject
Project("{FAE04EC0-301F-11D3-BF4B-00C04F79EFBC}") = "BookInventory", "..\BookInventory\BookInventory.csproj", "{7C311ED1-E1C1-4317-8AF5-2601D9CDDDEF}"
EndProject
Global
	GlobalSection(SolutionConfigurationPlatforms) = preSolution
		Debug|Any CPU = Debug|Any CPU
		Release|Any CPU = Release|Any CPU
	EndGlobalSection
	GlobalSection(ProjectConfigurationPlatforms) = postSolution
		{2967C80E-256A-46F3-A3E2-F73CAA58A04D}.Debug|Any CPU.ActiveCfg = Debug|Any CPU
		{2967C80E-256A-46F3-A3E2-F73CAA58A04D}.Debug|Any CPU.Build.0 = Debug|Any CPU
		{2967C80E-256A-46F3-A3E2-F73CAA58A04D}.Release|Any CPU.ActiveCfg = Release|Any CPU
		{2967C80E-256A-46F3-A3E2-F73CAA58A04D}.Release|Any CPU.Build.0 = Release|Any CPU
		{9B189CB1-5AE8-4898-B145-D06CCE51288E}.Debug|Any CPU.ActiveCfg = Debug|Any CPU
		{9B189CB1-5AE8-4898-B145-D06CCE51288E}.Debug|Any CPU.Build.0 = Debug|Any CPU
		{9B189CB1-5AE8-4898-B145-D06CCE51288E}.Release|Any CPU.ActiveCfg = Release|Any CPU
		{9B189CB1-5AE8-4898-B145-D06CCE51288E}.Release|Any CPU.Build.0 = Release|Any CPU
		{388FF16D-DE67-45A1-8A60-2A3B12DEC378}.Debug|Any CPU.ActiveCfg = Debug|Any CPU
		{388FF16D-DE67-45A1-8A60-2A3B12DEC378}.Debug|Any CPU.Build.0 = Debug|Any CPU
		{388FF16D-DE67-45A1-8A60-2A3B12DEC378}.Release|Any CPU.ActiveCfg = Release|Any CPU
		{388FF16D-DE67-45A1-8A60-2A3B12DEC378}.Release|Any CPU.Build.0 = Release|Any CPU
		{CDBAF8B0-3B67-45DC-B884-F66D304F583F}.Debug|Any CPU.ActiveCfg = Debug|Any CPU
		{CDBAF8B0-3B67-45DC-B884-F66D304F583F}.Debug|Any CPU.Build.0 = Debug|Any CPU
		{CDBAF8B0-3B67-45DC-B884-F66D304F583F}.Release|Any CPU.ActiveCfg = Release|Any CPU
		{CDBAF8B0-3B67-45DC-B884-F66D304F583F}.Release|Any CPU.Build.0 = Release|Any CPU
		{2698C16C-7695-4EFD-BEDD-674C491A6BD7}.Debug|Any CPU.ActiveCfg = Debug|Any CPU
		{2698C16C-7695-4EFD-BEDD-674C491A6BD7}.Debug|Any CPU.Build.0 = Debug|Any CPU
		{2698C16C-7695-4EFD-BEDD-674C491A6BD7}.Release|Any CPU.ActiveCfg = Release|Any CPU
		{2698C16C-7695-4EFD-BEDD-674C491A6BD7}.Release|Any CPU.Build.0 = Release|Any CPU
		{4A207F4E-6269-459A-9C29-E319CE99B65E}.Debug|Any CPU.ActiveCfg = Debug|Any CPU
		{4A207F4E-6269-459A-9C29-E319CE99B65E}.Debug|Any CPU.Build.0 = Debug|Any CPU
		{4A207F4E-6269-459A-9C29-E319CE99B65E}.Release|Any CPU.ActiveCfg = Release|Any CPU
		{4A207F4E-6269-459A-9C29-E319CE99B65E}.Release|Any CPU.Build.0 = Release|Any CPU
		{9F81CA71-F1DC-42C0-A954-CF6FF899F2D1}.Debug|Any CPU.ActiveCfg = Debug|Any CPU
		{9F81CA71-F1DC-42C0-A954-CF6FF899F2D1}.Debug|Any CPU.Build.0 = Debug|Any CPU
		{9F81CA71-F1DC-42C0-A954-CF6FF899F2D1}.Release|Any CPU.ActiveCfg = Release|Any CPU
		{9F81CA71-F1DC-42C0-A954-CF6FF899F2D1}.Release|Any CPU.Build.0 = Release|Any CPU
		{7C311ED1-E1C1-4317-8AF5-2601D9CDDDEF}.Debug|Any CPU.ActiveCfg = Debug|Any CPU
		{7C311ED1-E1C1-4317-8AF5-2601D9CDDDEF}.Debug|Any CPU.Build.0 = Debug|Any CPU
		{7C311ED1-E1C1-4317-8AF5-2601D9CDDDEF}.Release|Any CPU.ActiveCfg = Release|Any CPU
		{7C311ED1-E1C1-4317-8AF5-2601D9CDDDEF}.Release|Any CPU.Build.0 = Release|Any CPU
	EndGlobalSection
	GlobalSection(SolutionProperties) = preSolution
		HideSolutionNode = FALSE
	EndGlobalSection
	GlobalSection(ExtensibilityGlobals) = postSolution
		SolutionGuid = {9BD84A97-F76B-4A0E-863C-E7E3723B84F2}
	EndGlobalSection
EndGlobal
